
Microsoft Visual Studio Solution File, Format Version 12.00
# Visual Studio Version 16
VisualStudioVersion = 16.0.29326.143
MinimumVisualStudioVersion = 10.0.40219.1
Project("{FAE04EC0-301F-11D3-BF4B-00C04F79EFBC}") = "ModelDesignFirst_L1", "ModelDesignFirst_L1\ModelDesignFirst_L1.csproj", "{BDD99F87-733F-4A4F-80AC-85DEEA2A6E5D}"
EndProject
Global
	GlobalSection(SolutionConfigurationPlatforms) = preSolution
		Debug|Any CPU = Debug|Any CPU
		Release|Any CPU = Release|Any CPU
	EndGlobalSection
	GlobalSection(ProjectConfigurationPlatforms) = postSolution
		{BDD99F87-733F-4A4F-80AC-85DEEA2A6E5D}.Debug|Any CPU.ActiveCfg = Debug|Any CPU
		{BDD99F87-733F-4A4F-80AC-85DEEA2A6E5D}.Debug|Any CPU.Build.0 = Debug|Any CPU
		{BDD99F87-733F-4A4F-80AC-85DEEA2A6E5D}.Release|Any CPU.ActiveCfg = Release|Any CPU
		{BDD99F87-733F-4A4F-80AC-85DEEA2A6E5D}.Release|Any CPU.Build.0 = Release|Any CPU
	EndGlobalSection
	GlobalSection(SolutionProperties) = preSolution
		HideSolutionNode = FALSE
	EndGlobalSection
	GlobalSection(ExtensibilityGlobals) = postSolution
		SolutionGuid = {7178264E-F29B-4F8A-B822-EBC7CB525C86}
	EndGlobalSection
EndGlobal
